
Microsoft Visual Studio Solution File, Format Version 12.00
# Visual Studio Version 17
VisualStudioVersion = 17.9.34526.213
MinimumVisualStudioVersion = 10.0.40219.1
Project("{9A19103F-16F7-4668-BE54-9A1E7A4F7556}") = "Diploma", "Diploma.csproj", "{639AE260-C5E6-40F6-A264-D5849CEDFB1C}"
EndProject
Project("{FAE04EC0-301F-11D3-BF4B-00C04F79EFBC}") = "PostMicroService", "..\PostMicroService\PostMicroService.csproj", "{1E5BCCD3-5503-4B9E-848E-5B702FDA0639}"
EndProject
Global
	GlobalSection(SolutionConfigurationPlatforms) = preSolution
		Debug|Any CPU = Debug|Any CPU
		Release|Any CPU = Release|Any CPU
	EndGlobalSection
	GlobalSection(ProjectConfigurationPlatforms) = postSolution
		{639AE260-C5E6-40F6-A264-D5849CEDFB1C}.Debug|Any CPU.ActiveCfg = Debug|Any CPU
		{639AE260-C5E6-40F6-A264-D5849CEDFB1C}.Debug|Any CPU.Build.0 = Debug|Any CPU
		{639AE260-C5E6-40F6-A264-D5849CEDFB1C}.Release|Any CPU.ActiveCfg = Release|Any CPU
		{639AE260-C5E6-40F6-A264-D5849CEDFB1C}.Release|Any CPU.Build.0 = Release|Any CPU
		{1E5BCCD3-5503-4B9E-848E-5B702FDA0639}.Debug|Any CPU.ActiveCfg = Debug|Any CPU
		{1E5BCCD3-5503-4B9E-848E-5B702FDA0639}.Debug|Any CPU.Build.0 = Debug|Any CPU
		{1E5BCCD3-5503-4B9E-848E-5B702FDA0639}.Release|Any CPU.ActiveCfg = Release|Any CPU
		{1E5BCCD3-5503-4B9E-848E-5B702FDA0639}.Release|Any CPU.Build.0 = Release|Any CPU
	EndGlobalSection
	GlobalSection(SolutionProperties) = preSolution
		HideSolutionNode = FALSE
	EndGlobalSection
	GlobalSection(ExtensibilityGlobals) = postSolution
		SolutionGuid = {9A2359CF-3705-43D8-9862-D710F8286BC2}
	EndGlobalSection
EndGlobal
